// !$*UTF8*$!
{
	archiveVersion = 1;
	classes = {
	};
	objectVersion = 46;
	objects = {

/* Begin PBXBuildFile section */
		36F20EEB71464D65ADA7E8C8 /* libPods.a in Frameworks */ = {isa = PBXBuildFile; fileRef = BEE8577D760E45DB9C788BFA /* libPods.a */; };
		A516B73718CE306B00F9D0D9 /* Foundation.framework in Frameworks */ = {isa = PBXBuildFile; fileRef = A516B73618CE306B00F9D0D9 /* Foundation.framework */; };
		A516B73918CE306B00F9D0D9 /* CoreGraphics.framework in Frameworks */ = {isa = PBXBuildFile; fileRef = A516B73818CE306B00F9D0D9 /* CoreGraphics.framework */; };
		A516B73B18CE306B00F9D0D9 /* UIKit.framework in Frameworks */ = {isa = PBXBuildFile; fileRef = A516B73A18CE306B00F9D0D9 /* UIKit.framework */; };
		A516B74118CE306B00F9D0D9 /* InfoPlist.strings in Resources */ = {isa = PBXBuildFile; fileRef = A516B73F18CE306B00F9D0D9 /* InfoPlist.strings */; };
		A516B74318CE306B00F9D0D9 /* main.m in Sources */ = {isa = PBXBuildFile; fileRef = A516B74218CE306B00F9D0D9 /* main.m */; };
		A516B74718CE306B00F9D0D9 /* NPBAppDelegate.m in Sources */ = {isa = PBXBuildFile; fileRef = A516B74618CE306B00F9D0D9 /* NPBAppDelegate.m */; };
		A516B74A18CE306B00F9D0D9 /* Main.storyboard in Resources */ = {isa = PBXBuildFile; fileRef = A516B74818CE306B00F9D0D9 /* Main.storyboard */; };
		A516B74D18CE306B00F9D0D9 /* NPBViewController.m in Sources */ = {isa = PBXBuildFile; fileRef = A516B74C18CE306B00F9D0D9 /* NPBViewController.m */; };
		A516B74F18CE306B00F9D0D9 /* Images.xcassets in Resources */ = {isa = PBXBuildFile; fileRef = A516B74E18CE306B00F9D0D9 /* Images.xcassets */; };
		A516B75618CE306B00F9D0D9 /* XCTest.framework in Frameworks */ = {isa = PBXBuildFile; fileRef = A516B75518CE306B00F9D0D9 /* XCTest.framework */; };
		A516B75718CE306B00F9D0D9 /* Foundation.framework in Frameworks */ = {isa = PBXBuildFile; fileRef = A516B73618CE306B00F9D0D9 /* Foundation.framework */; };
		A516B75818CE306B00F9D0D9 /* UIKit.framework in Frameworks */ = {isa = PBXBuildFile; fileRef = A516B73A18CE306B00F9D0D9 /* UIKit.framework */; };
		A516B76018CE306B00F9D0D9 /* InfoPlist.strings in Resources */ = {isa = PBXBuildFile; fileRef = A516B75E18CE306B00F9D0D9 /* InfoPlist.strings */; };
		A516B76218CE306B00F9D0D9 /* _bymeTests.m in Sources */ = {isa = PBXBuildFile; fileRef = A516B76118CE306B00F9D0D9 /* _bymeTests.m */; };
		A516B76D18CE3C5C00F9D0D9 /* NPBVideoManager.m in Sources */ = {isa = PBXBuildFile; fileRef = A516B76C18CE3C5C00F9D0D9 /* NPBVideoManager.m */; };
		A516B77018CE491200F9D0D9 /* AssetsLibrary.framework in Frameworks */ = {isa = PBXBuildFile; fileRef = A516B76F18CE491200F9D0D9 /* AssetsLibrary.framework */; };
		A558770418D0EA5200567746 /* NPBMainPanelView.m in Sources */ = {isa = PBXBuildFile; fileRef = A558770318D0EA5200567746 /* NPBMainPanelView.m */; };
		A558770718D11B3E00567746 /* NPBVideoFrameView.m in Sources */ = {isa = PBXBuildFile; fileRef = A558770618D11B3E00567746 /* NPBVideoFrameView.m */; };
/* End PBXBuildFile section */

/* Begin PBXContainerItemProxy section */
		A516B75918CE306B00F9D0D9 /* PBXContainerItemProxy */ = {
			isa = PBXContainerItemProxy;
			containerPortal = A516B72B18CE306B00F9D0D9 /* Project object */;
			proxyType = 1;
			remoteGlobalIDString = A516B73218CE306B00F9D0D9;
			remoteInfo = 3byme;
		};
/* End PBXContainerItemProxy section */

/* Begin PBXFileReference section */
		A516B73318CE306B00F9D0D9 /* 3byme.app */ = {isa = PBXFileReference; explicitFileType = wrapper.application; includeInIndex = 0; path = 3byme.app; sourceTree = BUILT_PRODUCTS_DIR; };
		A516B73618CE306B00F9D0D9 /* Foundation.framework */ = {isa = PBXFileReference; lastKnownFileType = wrapper.framework; name = Foundation.framework; path = System/Library/Frameworks/Foundation.framework; sourceTree = SDKROOT; };
		A516B73818CE306B00F9D0D9 /* CoreGraphics.framework */ = {isa = PBXFileReference; lastKnownFileType = wrapper.framework; name = CoreGraphics.framework; path = System/Library/Frameworks/CoreGraphics.framework; sourceTree = SDKROOT; };
		A516B73A18CE306B00F9D0D9 /* UIKit.framework */ = {isa = PBXFileReference; lastKnownFileType = wrapper.framework; name = UIKit.framework; path = System/Library/Frameworks/UIKit.framework; sourceTree = SDKROOT; };
		A516B73E18CE306B00F9D0D9 /* 3byme-Info.plist */ = {isa = PBXFileReference; lastKnownFileType = text.plist.xml; path = "3byme-Info.plist"; sourceTree = "<group>"; };
		A516B74018CE306B00F9D0D9 /* en */ = {isa = PBXFileReference; lastKnownFileType = text.plist.strings; name = en; path = en.lproj/InfoPlist.strings; sourceTree = "<group>"; };
		A516B74218CE306B00F9D0D9 /* main.m */ = {isa = PBXFileReference; lastKnownFileType = sourcecode.c.objc; path = main.m; sourceTree = "<group>"; };
		A516B74418CE306B00F9D0D9 /* 3byme-Prefix.pch */ = {isa = PBXFileReference; lastKnownFileType = sourcecode.c.h; path = "3byme-Prefix.pch"; sourceTree = "<group>"; };
		A516B74518CE306B00F9D0D9 /* NPBAppDelegate.h */ = {isa = PBXFileReference; lastKnownFileType = sourcecode.c.h; path = NPBAppDelegate.h; sourceTree = "<group>"; };
		A516B74618CE306B00F9D0D9 /* NPBAppDelegate.m */ = {isa = PBXFileReference; lastKnownFileType = sourcecode.c.objc; path = NPBAppDelegate.m; sourceTree = "<group>"; };
		A516B74918CE306B00F9D0D9 /* Base */ = {isa = PBXFileReference; lastKnownFileType = file.storyboard; name = Base; path = Base.lproj/Main.storyboard; sourceTree = "<group>"; };
		A516B74B18CE306B00F9D0D9 /* NPBViewController.h */ = {isa = PBXFileReference; lastKnownFileType = sourcecode.c.h; path = NPBViewController.h; sourceTree = "<group>"; };
		A516B74C18CE306B00F9D0D9 /* NPBViewController.m */ = {isa = PBXFileReference; lastKnownFileType = sourcecode.c.objc; path = NPBViewController.m; sourceTree = "<group>"; };
		A516B74E18CE306B00F9D0D9 /* Images.xcassets */ = {isa = PBXFileReference; lastKnownFileType = folder.assetcatalog; path = Images.xcassets; sourceTree = "<group>"; };
		A516B75418CE306B00F9D0D9 /* 3bymeTests.xctest */ = {isa = PBXFileReference; explicitFileType = wrapper.cfbundle; includeInIndex = 0; path = 3bymeTests.xctest; sourceTree = BUILT_PRODUCTS_DIR; };
		A516B75518CE306B00F9D0D9 /* XCTest.framework */ = {isa = PBXFileReference; lastKnownFileType = wrapper.framework; name = XCTest.framework; path = Library/Frameworks/XCTest.framework; sourceTree = DEVELOPER_DIR; };
		A516B75D18CE306B00F9D0D9 /* 3bymeTests-Info.plist */ = {isa = PBXFileReference; lastKnownFileType = text.plist.xml; path = "3bymeTests-Info.plist"; sourceTree = "<group>"; };
		A516B75F18CE306B00F9D0D9 /* en */ = {isa = PBXFileReference; lastKnownFileType = text.plist.strings; name = en; path = en.lproj/InfoPlist.strings; sourceTree = "<group>"; };
		A516B76118CE306B00F9D0D9 /* _bymeTests.m */ = {isa = PBXFileReference; lastKnownFileType = sourcecode.c.objc; path = _bymeTests.m; sourceTree = "<group>"; };
		A516B76B18CE3C5C00F9D0D9 /* NPBVideoManager.h */ = {isa = PBXFileReference; fileEncoding = 4; lastKnownFileType = sourcecode.c.h; path = NPBVideoManager.h; sourceTree = "<group>"; };
		A516B76C18CE3C5C00F9D0D9 /* NPBVideoManager.m */ = {isa = PBXFileReference; fileEncoding = 4; lastKnownFileType = sourcecode.c.objc; path = NPBVideoManager.m; sourceTree = "<group>"; };
		A516B76F18CE491200F9D0D9 /* AssetsLibrary.framework */ = {isa = PBXFileReference; lastKnownFileType = wrapper.framework; name = AssetsLibrary.framework; path = System/Library/Frameworks/AssetsLibrary.framework; sourceTree = SDKROOT; };
		A558770218D0EA5200567746 /* NPBMainPanelView.h */ = {isa = PBXFileReference; fileEncoding = 4; lastKnownFileType = sourcecode.c.h; path = NPBMainPanelView.h; sourceTree = "<group>"; };
		A558770318D0EA5200567746 /* NPBMainPanelView.m */ = {isa = PBXFileReference; fileEncoding = 4; lastKnownFileType = sourcecode.c.objc; path = NPBMainPanelView.m; sourceTree = "<group>"; };
		A558770518D11B3E00567746 /* NPBVideoFrameView.h */ = {isa = PBXFileReference; fileEncoding = 4; lastKnownFileType = sourcecode.c.h; path = NPBVideoFrameView.h; sourceTree = "<group>"; };
		A558770618D11B3E00567746 /* NPBVideoFrameView.m */ = {isa = PBXFileReference; fileEncoding = 4; lastKnownFileType = sourcecode.c.objc; path = NPBVideoFrameView.m; sourceTree = "<group>"; };
		A558770818D11DCC00567746 /* NPBVideoActionProtocol.h */ = {isa = PBXFileReference; lastKnownFileType = sourcecode.c.h; path = NPBVideoActionProtocol.h; sourceTree = "<group>"; };
		A558770918D2142E00567746 /* PBJVision_extensions.h */ = {isa = PBXFileReference; lastKnownFileType = sourcecode.c.h; path = PBJVision_extensions.h; sourceTree = "<group>"; };
		BEE8577D760E45DB9C788BFA /* libPods.a */ = {isa = PBXFileReference; explicitFileType = archive.ar; includeInIndex = 0; path = libPods.a; sourceTree = BUILT_PRODUCTS_DIR; };
		F901ECE99E4F47B9BE09AEB6 /* Pods.xcconfig */ = {isa = PBXFileReference; includeInIndex = 1; lastKnownFileType = text.xcconfig; name = Pods.xcconfig; path = Pods/Pods.xcconfig; sourceTree = "<group>"; };
/* End PBXFileReference section */

/* Begin PBXFrameworksBuildPhase section */
		A516B73018CE306B00F9D0D9 /* Frameworks */ = {
			isa = PBXFrameworksBuildPhase;
			buildActionMask = 2147483647;
			files = (
				A516B77018CE491200F9D0D9 /* AssetsLibrary.framework in Frameworks */,
				A516B73918CE306B00F9D0D9 /* CoreGraphics.framework in Frameworks */,
				A516B73B18CE306B00F9D0D9 /* UIKit.framework in Frameworks */,
				A516B73718CE306B00F9D0D9 /* Foundation.framework in Frameworks */,
				36F20EEB71464D65ADA7E8C8 /* libPods.a in Frameworks */,
			);
			runOnlyForDeploymentPostprocessing = 0;
		};
		A516B75118CE306B00F9D0D9 /* Frameworks */ = {
			isa = PBXFrameworksBuildPhase;
			buildActionMask = 2147483647;
			files = (
				A516B75618CE306B00F9D0D9 /* XCTest.framework in Frameworks */,
				A516B75818CE306B00F9D0D9 /* UIKit.framework in Frameworks */,
				A516B75718CE306B00F9D0D9 /* Foundation.framework in Frameworks */,
			);
			runOnlyForDeploymentPostprocessing = 0;
		};
/* End PBXFrameworksBuildPhase section */

/* Begin PBXGroup section */
		A516B72A18CE306B00F9D0D9 = {
			isa = PBXGroup;
			children = (
				A516B73C18CE306B00F9D0D9 /* 3byme */,
				A516B75B18CE306B00F9D0D9 /* 3bymeTests */,
				A516B73518CE306B00F9D0D9 /* Frameworks */,
				A516B73418CE306B00F9D0D9 /* Products */,
				F901ECE99E4F47B9BE09AEB6 /* Pods.xcconfig */,
			);
			sourceTree = "<group>";
		};
		A516B73418CE306B00F9D0D9 /* Products */ = {
			isa = PBXGroup;
			children = (
				A516B73318CE306B00F9D0D9 /* 3byme.app */,
				A516B75418CE306B00F9D0D9 /* 3bymeTests.xctest */,
			);
			name = Products;
			sourceTree = "<group>";
		};
		A516B73518CE306B00F9D0D9 /* Frameworks */ = {
			isa = PBXGroup;
			children = (
				A516B76F18CE491200F9D0D9 /* AssetsLibrary.framework */,
				A516B73618CE306B00F9D0D9 /* Foundation.framework */,
				A516B73818CE306B00F9D0D9 /* CoreGraphics.framework */,
				A516B73A18CE306B00F9D0D9 /* UIKit.framework */,
				A516B75518CE306B00F9D0D9 /* XCTest.framework */,
				BEE8577D760E45DB9C788BFA /* libPods.a */,
			);
			name = Frameworks;
			sourceTree = "<group>";
		};
		A516B73C18CE306B00F9D0D9 /* 3byme */ = {
			isa = PBXGroup;
			children = (
				A516B74518CE306B00F9D0D9 /* NPBAppDelegate.h */,
				A516B74618CE306B00F9D0D9 /* NPBAppDelegate.m */,
				A516B74818CE306B00F9D0D9 /* Main.storyboard */,
				A558770218D0EA5200567746 /* NPBMainPanelView.h */,
				A558770318D0EA5200567746 /* NPBMainPanelView.m */,
				A558770518D11B3E00567746 /* NPBVideoFrameView.h */,
				A558770618D11B3E00567746 /* NPBVideoFrameView.m */,
				A558770818D11DCC00567746 /* NPBVideoActionProtocol.h */,
				A516B74B18CE306B00F9D0D9 /* NPBViewController.h */,
				A516B74C18CE306B00F9D0D9 /* NPBViewController.m */,
				A516B76B18CE3C5C00F9D0D9 /* NPBVideoManager.h */,
				A516B76C18CE3C5C00F9D0D9 /* NPBVideoManager.m */,
				A558770918D2142E00567746 /* PBJVision_extensions.h */,
				A516B74E18CE306B00F9D0D9 /* Images.xcassets */,
				A516B73D18CE306B00F9D0D9 /* Supporting Files */,
			);
			path = 3byme;
			sourceTree = "<group>";
		};
		A516B73D18CE306B00F9D0D9 /* Supporting Files */ = {
			isa = PBXGroup;
			children = (
				A516B73E18CE306B00F9D0D9 /* 3byme-Info.plist */,
				A516B73F18CE306B00F9D0D9 /* InfoPlist.strings */,
				A516B74218CE306B00F9D0D9 /* main.m */,
				A516B74418CE306B00F9D0D9 /* 3byme-Prefix.pch */,
			);
			name = "Supporting Files";
			sourceTree = "<group>";
		};
		A516B75B18CE306B00F9D0D9 /* 3bymeTests */ = {
			isa = PBXGroup;
			children = (
				A516B76118CE306B00F9D0D9 /* _bymeTests.m */,
				A516B75C18CE306B00F9D0D9 /* Supporting Files */,
			);
			path = 3bymeTests;
			sourceTree = "<group>";
		};
		A516B75C18CE306B00F9D0D9 /* Supporting Files */ = {
			isa = PBXGroup;
			children = (
				A516B75D18CE306B00F9D0D9 /* 3bymeTests-Info.plist */,
				A516B75E18CE306B00F9D0D9 /* InfoPlist.strings */,
			);
			name = "Supporting Files";
			sourceTree = "<group>";
		};
/* End PBXGroup section */

/* Begin PBXNativeTarget section */
		A516B73218CE306B00F9D0D9 /* 3byme */ = {
			isa = PBXNativeTarget;
			buildConfigurationList = A516B76518CE306B00F9D0D9 /* Build configuration list for PBXNativeTarget "3byme" */;
			buildPhases = (
				1CE3FB0BE94B4AF9BAAFAF3D /* Check Pods Manifest.lock */,
				A516B72F18CE306B00F9D0D9 /* Sources */,
				A516B73018CE306B00F9D0D9 /* Frameworks */,
				A516B73118CE306B00F9D0D9 /* Resources */,
				79F03EA636034FBA8EFE04B0 /* Copy Pods Resources */,
			);
			buildRules = (
			);
			dependencies = (
			);
			name = 3byme;
			productName = 3byme;
			productReference = A516B73318CE306B00F9D0D9 /* 3byme.app */;
			productType = "com.apple.product-type.application";
		};
		A516B75318CE306B00F9D0D9 /* 3bymeTests */ = {
			isa = PBXNativeTarget;
			buildConfigurationList = A516B76818CE306B00F9D0D9 /* Build configuration list for PBXNativeTarget "3bymeTests" */;
			buildPhases = (
				A516B75018CE306B00F9D0D9 /* Sources */,
				A516B75118CE306B00F9D0D9 /* Frameworks */,
				A516B75218CE306B00F9D0D9 /* Resources */,
			);
			buildRules = (
			);
			dependencies = (
				A516B75A18CE306B00F9D0D9 /* PBXTargetDependency */,
			);
			name = 3bymeTests;
			productName = 3bymeTests;
			productReference = A516B75418CE306B00F9D0D9 /* 3bymeTests.xctest */;
			productType = "com.apple.product-type.bundle.unit-test";
		};
/* End PBXNativeTarget section */

/* Begin PBXProject section */
		A516B72B18CE306B00F9D0D9 /* Project object */ = {
			isa = PBXProject;
			attributes = {
				CLASSPREFIX = NPB;
				LastUpgradeCheck = 0500;
				ORGANIZATIONNAME = "No Plan B";
				TargetAttributes = {
					A516B75318CE306B00F9D0D9 = {
						TestTargetID = A516B73218CE306B00F9D0D9;
					};
				};
			};
			buildConfigurationList = A516B72E18CE306B00F9D0D9 /* Build configuration list for PBXProject "3byme" */;
			compatibilityVersion = "Xcode 3.2";
			developmentRegion = English;
			hasScannedForEncodings = 0;
			knownRegions = (
				en,
				Base,
			);
			mainGroup = A516B72A18CE306B00F9D0D9;
			productRefGroup = A516B73418CE306B00F9D0D9 /* Products */;
			projectDirPath = "";
			projectRoot = "";
			targets = (
				A516B73218CE306B00F9D0D9 /* 3byme */,
				A516B75318CE306B00F9D0D9 /* 3bymeTests */,
			);
		};
/* End PBXProject section */

/* Begin PBXResourcesBuildPhase section */
		A516B73118CE306B00F9D0D9 /* Resources */ = {
			isa = PBXResourcesBuildPhase;
			buildActionMask = 2147483647;
			files = (
				A516B74F18CE306B00F9D0D9 /* Images.xcassets in Resources */,
				A516B74118CE306B00F9D0D9 /* InfoPlist.strings in Resources */,
				A516B74A18CE306B00F9D0D9 /* Main.storyboard in Resources */,
			);
			runOnlyForDeploymentPostprocessing = 0;
		};
		A516B75218CE306B00F9D0D9 /* Resources */ = {
			isa = PBXResourcesBuildPhase;
			buildActionMask = 2147483647;
			files = (
				A516B76018CE306B00F9D0D9 /* InfoPlist.strings in Resources */,
			);
			runOnlyForDeploymentPostprocessing = 0;
		};
/* End PBXResourcesBuildPhase section */

/* Begin PBXShellScriptBuildPhase section */
		1CE3FB0BE94B4AF9BAAFAF3D /* Check Pods Manifest.lock */ = {
			isa = PBXShellScriptBuildPhase;
			buildActionMask = 2147483647;
			files = (
			);
			inputPaths = (
			);
			name = "Check Pods Manifest.lock";
			outputPaths = (
			);
			runOnlyForDeploymentPostprocessing = 0;
			shellPath = /bin/sh;
			shellScript = "diff \"${PODS_ROOT}/../Podfile.lock\" \"${PODS_ROOT}/Manifest.lock\" > /dev/null\nif [[ $? != 0 ]] ; then\n    cat << EOM\nerror: The sandbox is not in sync with the Podfile.lock. Run 'pod install' or update your CocoaPods installation.\nEOM\n    exit 1\nfi\n";
			showEnvVarsInLog = 0;
		};
		79F03EA636034FBA8EFE04B0 /* Copy Pods Resources */ = {
			isa = PBXShellScriptBuildPhase;
			buildActionMask = 2147483647;
			files = (
			);
			inputPaths = (
			);
			name = "Copy Pods Resources";
			outputPaths = (
			);
			runOnlyForDeploymentPostprocessing = 0;
			shellPath = /bin/sh;
			shellScript = "\"${SRCROOT}/Pods/Pods-resources.sh\"\n";
			showEnvVarsInLog = 0;
		};
/* End PBXShellScriptBuildPhase section */

/* Begin PBXSourcesBuildPhase section */
		A516B72F18CE306B00F9D0D9 /* Sources */ = {
			isa = PBXSourcesBuildPhase;
			buildActionMask = 2147483647;
			files = (
				A516B74D18CE306B00F9D0D9 /* NPBViewController.m in Sources */,
				A558770718D11B3E00567746 /* NPBVideoFrameView.m in Sources */,
				A516B74318CE306B00F9D0D9 /* main.m in Sources */,
				A516B76D18CE3C5C00F9D0D9 /* NPBVideoManager.m in Sources */,
				A516B74718CE306B00F9D0D9 /* NPBAppDelegate.m in Sources */,
				A558770418D0EA5200567746 /* NPBMainPanelView.m in Sources */,
			);
			runOnlyForDeploymentPostprocessing = 0;
		};
		A516B75018CE306B00F9D0D9 /* Sources */ = {
			isa = PBXSourcesBuildPhase;
			buildActionMask = 2147483647;
			files = (
				A516B76218CE306B00F9D0D9 /* _bymeTests.m in Sources */,
			);
			runOnlyForDeploymentPostprocessing = 0;
		};
/* End PBXSourcesBuildPhase section */

/* Begin PBXTargetDependency section */
		A516B75A18CE306B00F9D0D9 /* PBXTargetDependency */ = {
			isa = PBXTargetDependency;
			target = A516B73218CE306B00F9D0D9 /* 3byme */;
			targetProxy = A516B75918CE306B00F9D0D9 /* PBXContainerItemProxy */;
		};
/* End PBXTargetDependency section */

/* Begin PBXVariantGroup section */
		A516B73F18CE306B00F9D0D9 /* InfoPlist.strings */ = {
			isa = PBXVariantGroup;
			children = (
				A516B74018CE306B00F9D0D9 /* en */,
			);
			name = InfoPlist.strings;
			sourceTree = "<group>";
		};
		A516B74818CE306B00F9D0D9 /* Main.storyboard */ = {
			isa = PBXVariantGroup;
			children = (
				A516B74918CE306B00F9D0D9 /* Base */,
			);
			name = Main.storyboard;
			sourceTree = "<group>";
		};
		A516B75E18CE306B00F9D0D9 /* InfoPlist.strings */ = {
			isa = PBXVariantGroup;
			children = (
				A516B75F18CE306B00F9D0D9 /* en */,
			);
			name = InfoPlist.strings;
			sourceTree = "<group>";
		};
/* End PBXVariantGroup section */

/* Begin XCBuildConfiguration section */
		A516B76318CE306B00F9D0D9 /* Debug */ = {
			isa = XCBuildConfiguration;
			buildSettings = {
				ALWAYS_SEARCH_USER_PATHS = NO;
				ARCHS = "$(ARCHS_STANDARD_INCLUDING_64_BIT)";
				CLANG_CXX_LANGUAGE_STANDARD = "gnu++0x";
				CLANG_CXX_LIBRARY = "libc++";
				CLANG_ENABLE_MODULES = YES;
				CLANG_ENABLE_OBJC_ARC = YES;
				CLANG_WARN_BOOL_CONVERSION = YES;
				CLANG_WARN_CONSTANT_CONVERSION = YES;
				CLANG_WARN_DIRECT_OBJC_ISA_USAGE = YES_ERROR;
				CLANG_WARN_EMPTY_BODY = YES;
				CLANG_WARN_ENUM_CONVERSION = YES;
				CLANG_WARN_INT_CONVERSION = YES;
				CLANG_WARN__DUPLICATE_METHOD_MATCH = YES;
				"CODE_SIGN_IDENTITY[sdk=iphoneos*]" = "iPhone Developer";
				COPY_PHASE_STRIP = NO;
				GCC_C_LANGUAGE_STANDARD = gnu99;
				GCC_DYNAMIC_NO_PIC = NO;
				GCC_OPTIMIZATION_LEVEL = 0;
				GCC_PREPROCESSOR_DEFINITIONS = (
					"DEBUG=1",
					"$(inherited)",
				);
				GCC_SYMBOLS_PRIVATE_EXTERN = NO;
				GCC_WARN_64_TO_32_BIT_CONVERSION = YES;
				GCC_WARN_ABOUT_RETURN_TYPE = YES_ERROR;
				GCC_WARN_UNDECLARED_SELECTOR = YES;
				GCC_WARN_UNINITIALIZED_AUTOS = YES;
				GCC_WARN_UNUSED_FUNCTION = YES;
				GCC_WARN_UNUSED_VARIABLE = YES;
				IPHONEOS_DEPLOYMENT_TARGET = 7.0;
				ONLY_ACTIVE_ARCH = YES;
				SDKROOT = iphoneos;
			};
			name = Debug;
		};
		A516B76418CE306B00F9D0D9 /* Release */ = {
			isa = XCBuildConfiguration;
			buildSettings = {
				ALWAYS_SEARCH_USER_PATHS = NO;
				ARCHS = "$(ARCHS_STANDARD_INCLUDING_64_BIT)";
				CLANG_CXX_LANGUAGE_STANDARD = "gnu++0x";
				CLANG_CXX_LIBRARY = "libc++";
				CLANG_ENABLE_MODULES = YES;
				CLANG_ENABLE_OBJC_ARC = YES;
				CLANG_WARN_BOOL_CONVERSION = YES;
				CLANG_WARN_CONSTANT_CONVERSION = YES;
				CLANG_WARN_DIRECT_OBJC_ISA_USAGE = YES_ERROR;
				CLANG_WARN_EMPTY_BODY = YES;
				CLANG_WARN_ENUM_CONVERSION = YES;
				CLANG_WARN_INT_CONVERSION = YES;
				CLANG_WARN__DUPLICATE_METHOD_MATCH = YES;
				"CODE_SIGN_IDENTITY[sdk=iphoneos*]" = "iPhone Developer";
				COPY_PHASE_STRIP = YES;
				ENABLE_NS_ASSERTIONS = NO;
				GCC_C_LANGUAGE_STANDARD = gnu99;
				GCC_WARN_64_TO_32_BIT_CONVERSION = YES;
				GCC_WARN_ABOUT_RETURN_TYPE = YES_ERROR;
				GCC_WARN_UNDECLARED_SELECTOR = YES;
				GCC_WARN_UNINITIALIZED_AUTOS = YES;
				GCC_WARN_UNUSED_FUNCTION = YES;
				GCC_WARN_UNUSED_VARIABLE = YES;
				IPHONEOS_DEPLOYMENT_TARGET = 7.0;
				SDKROOT = iphoneos;
				VALIDATE_PRODUCT = YES;
			};
			name = Release;
		};
		A516B76618CE306B00F9D0D9 /* Debug */ = {
			isa = XCBuildConfiguration;
			baseConfigurationReference = F901ECE99E4F47B9BE09AEB6 /* Pods.xcconfig */;
			buildSettings = {
				ASSETCATALOG_COMPILER_APPICON_NAME = AppIcon;
				ASSETCATALOG_COMPILER_LAUNCHIMAGE_NAME = LaunchImage;
				GCC_PRECOMPILE_PREFIX_HEADER = YES;
				GCC_PREFIX_HEADER = "3byme/3byme-Prefix.pch";
				INFOPLIST_FILE = "3byme/3byme-Info.plist";
				PRODUCT_NAME = "$(TARGET_NAME)";
				WRAPPER_EXTENSION = app;
			};
			name = Debug;
		};
		A516B76718CE306B00F9D0D9 /* Release */ = {
			isa = XCBuildConfiguration;
			baseConfigurationReference = F901ECE99E4F47B9BE09AEB6 /* Pods.xcconfig */;
			buildSettings = {
				ASSETCATALOG_COMPILER_APPICON_NAME = AppIcon;
				ASSETCATALOG_COMPILER_LAUNCHIMAGE_NAME = LaunchImage;
				GCC_PRECOMPILE_PREFIX_HEADER = YES;
				GCC_PREFIX_HEADER = "3byme/3byme-Prefix.pch";
				INFOPLIST_FILE = "3byme/3byme-Info.plist";
				PRODUCT_NAME = "$(TARGET_NAME)";
				WRAPPER_EXTENSION = app;
			};
			name = Release;
		};
		A516B76918CE306B00F9D0D9 /* Debug */ = {
			isa = XCBuildConfiguration;
			buildSettings = {
				ARCHS = "$(ARCHS_STANDARD_INCLUDING_64_BIT)";
				BUNDLE_LOADER = "$(BUILT_PRODUCTS_DIR)/3byme.app/3byme";
				FRAMEWORK_SEARCH_PATHS = (
					"$(SDKROOT)/Developer/Library/Frameworks",
					"$(inherited)",
					"$(DEVELOPER_FRAMEWORKS_DIR)",
				);
				GCC_PRECOMPILE_PREFIX_HEADER = YES;
				GCC_PREFIX_HEADER = "3byme/3byme-Prefix.pch";
				GCC_PREPROCESSOR_DEFINITIONS = (
					"DEBUG=1",
					"$(inherited)",
				);
				INFOPLIST_FILE = "3bymeTests/3bymeTests-Info.plist";
				PRODUCT_NAME = "$(TARGET_NAME)";
				TEST_HOST = "$(BUNDLE_LOADER)";
				WRAPPER_EXTENSION = xctest;
			};
			name = Debug;
		};
		A516B76A18CE306B00F9D0D9 /* Release */ = {
			isa = XCBuildConfiguration;
			buildSettings = {
				ARCHS = "$(ARCHS_STANDARD_INCLUDING_64_BIT)";
				BUNDLE_LOADER = "$(BUILT_PRODUCTS_DIR)/3byme.app/3byme";
				FRAMEWORK_SEARCH_PATHS = (
					"$(SDKROOT)/Developer/Library/Frameworks",
					"$(inherited)",
					"$(DEVELOPER_FRAMEWORKS_DIR)",
				);
				GCC_PRECOMPILE_PREFIX_HEADER = YES;
				GCC_PREFIX_HEADER = "3byme/3byme-Prefix.pch";
				INFOPLIST_FILE = "3bymeTests/3bymeTests-Info.plist";
				PRODUCT_NAME = "$(TARGET_NAME)";
				TEST_HOST = "$(BUNDLE_LOADER)";
				WRAPPER_EXTENSION = xctest;
			};
			name = Release;
		};
/* End XCBuildConfiguration section */

/* Begin XCConfigurationList section */
		A516B72E18CE306B00F9D0D9 /* Build configuration list for PBXProject "3byme" */ = {
			isa = XCConfigurationList;
			buildConfigurations = (
				A516B76318CE306B00F9D0D9 /* Debug */,
				A516B76418CE306B00F9D0D9 /* Release */,
			);
			defaultConfigurationIsVisible = 0;
			defaultConfigurationName = Release;
		};
		A516B76518CE306B00F9D0D9 /* Build configuration list for PBXNativeTarget "3byme" */ = {
			isa = XCConfigurationList;
			buildConfigurations = (
				A516B76618CE306B00F9D0D9 /* Debug */,
				A516B76718CE306B00F9D0D9 /* Release */,
			);
			defaultConfigurationIsVisible = 0;
			defaultConfigurationName = Release;
		};
		A516B76818CE306B00F9D0D9 /* Build configuration list for PBXNativeTarget "3bymeTests" */ = {
			isa = XCConfigurationList;
			buildConfigurations = (
				A516B76918CE306B00F9D0D9 /* Debug */,
				A516B76A18CE306B00F9D0D9 /* Release */,
			);
			defaultConfigurationIsVisible = 0;
			defaultConfigurationName = Release;
		};
/* End XCConfigurationList section */
	};
	rootObject = A516B72B18CE306B00F9D0D9 /* Project object */;
}
